<?xml version="1.0" encoding="utf-8"?>
<Project ToolsVersion="4.0" xmlns="http://schemas.microsoft.com/developer/msbuild/2003">
  <ItemGroup>
    <Filter Include="Source Files">
      <UniqueIdentifier>{4FC737F1-C7A5-4376-A066-2A32D752A2FF}</UniqueIdentifier>
      <Extensions>cpp;c;cc;cxx;c++;cppm;ixx;def;odl;idl;hpj;bat;asm;asmx</Extensions>
    </Filter>
    <Filter Include="Header Files">
      <UniqueIdentifier>{93995380-89BD-4b04-88EB-625FBE52EBFB}</UniqueIdentifier>
      <Extensions>h;hh;hpp;hxx;h++;hm;inl;inc;ipp;xsd</Extensions>
    </Filter>
    <Filter Include="Resource Files">
      <UniqueIdentifier>{67DA6AB6-F800-4c08-8B7A-83BB121AAD01}</UniqueIdentifier>
      <Extensions>rc;ico;cur;bmp;dlg;rc2;rct;bin;rgs;gif;jpg;jpeg;jpe;resx;tiff;tif;png;wav;mfcribbon-ms</Extensions>
    </Filter>
  </ItemGroup>
  <ItemGroup>
    <ClCompile Include="Core\Main.cpp">
      <Filter>Source Files</Filter>
    </ClCompile>
    <ClCompile Include="Core\Engine.cpp">
      <Filter>Source Files</Filter>
    </ClCompile>
    <ClCompile Include="Platform\Window.cpp">
      <Filter>Source Files</Filter>
    </ClCompile>
    <ClCompile Include="Platform\Win32Platform.cpp">
      <Filter>Source Files</Filter>
    </ClCompile>
    <ClCompile Include="Graphics\Renderer.cpp">
      <Filter>Source Files</Filter>
    </ClCompile>
    <ClCompile Include="Graphics\D3D12\D3D12Interface.cpp">
      <Filter>Source Files</Filter>
    </ClCompile>
    <ClCompile Include="Graphics\D3D12\D3D12Core.cpp">
      <Filter>Source Files</Filter>
    </ClCompile>
    <ClCompile Include="Platform\Platform.cpp">
      <Filter>Source Files</Filter>
    </ClCompile>
    <ClCompile Include="Graphics\D3D12\D3D12DescriptorHeap.cpp">
      <Filter>Source Files</Filter>
    </ClCompile>
    <ClCompile Include="Graphics\D3D12\D3D12Resources.cpp">
      <Filter>Source Files</Filter>
    </ClCompile>
    <ClCompile Include="Graphics\D3D12\D3D12Helpers.cpp">
      <Filter>Source Files</Filter>
    </ClCompile>
    <ClCompile Include="Graphics\D3D12\D3D12Surface.cpp">
      <Filter>Source Files</Filter>
    </ClCompile>
    <ClCompile Include="Graphics\D3D12\D3D12Shaders.cpp">
      <Filter>Source Files</Filter>
    </ClCompile>
    <ClCompile Include="Graphics\D3D12\D3D12GPass.cpp">
      <Filter>Source Files</Filter>
    </ClCompile>
    <ClCompile Include="Graphics\D3D12\D3D12PostProcess.cpp">
      <Filter>Source Files</Filter>
    </ClCompile>
    <ClCompile Include="Content\ShaderCompilation.cpp">
      <Filter>Source Files</Filter>
    </ClCompile>
    <ClCompile Include="Content\ContentManagement.cpp">
      <Filter>Source Files</Filter>
    </ClCompile>
    <ClCompile Include="Graphics\D3D12\D3D12GUI.cpp">
      <Filter>Source Files</Filter>
    </ClCompile>
    <ClCompile Include="Utilities\Logger.cpp">
      <Filter>Source Files</Filter>
    </ClCompile>
    <ClCompile Include="Editor\EditorInterface.cpp">
      <Filter>Source Files</Filter>
    </ClCompile>
    <ClCompile Include="ECS\Scene.cpp">
      <Filter>Source Files</Filter>
    </ClCompile>
    <ClCompile Include="Editor\ContentBrowser.cpp">
      <Filter>Source Files</Filter>
    </ClCompile>
    <ClCompile Include="Content\AssetImporter.cpp">
      <Filter>Source Files</Filter>
    </ClCompile>
    <ClCompile Include="Content\ResourceCreation.cpp">
      <Filter>Source Files</Filter>
    </ClCompile>
    <ClCompile Include="External\ufbx\ufbx.c">
      <Filter>Source Files</Filter>
    </ClCompile>
    <ClCompile Include="Content\PrimitiveMeshGeneration.cpp">
      <Filter>Source Files</Filter>
    </ClCompile>
    <ClCompile Include="Graphics\GeometryData.cpp">
      <Filter>Source Files</Filter>
    </ClCompile>
    <ClCompile Include="Graphics\D3D12\D3D12Camera.cpp">
      <Filter>Source Files</Filter>
    </ClCompile>
    <ClCompile Include="Graphics\D3D12\D3D12Content\D3D12Geometry.cpp">
      <Filter>Source Files</Filter>
    </ClCompile>
    <ClCompile Include="Graphics\D3D12\D3D12Content.cpp">
      <Filter>Source Files</Filter>
    </ClCompile>
    <ClCompile Include="Graphics\D3D12\D3D12Content\D3D12Texture.cpp">
      <Filter>Source Files</Filter>
    </ClCompile>
    <ClCompile Include="Graphics\D3D12\D3D12Content\D3D12Material.cpp">
      <Filter>Source Files</Filter>
    </ClCompile>
    <ClCompile Include="External\MikkTSpace\mikktspace.c">
      <Filter>Source Files</Filter>
    </ClCompile>
    <ClCompile Include="Graphics\D3D12\D3D12Upload.cpp">
      <Filter>Source Files</Filter>
    </ClCompile>
    <ClCompile Include="ECS\ECSCore.cpp">
      <Filter>Source Files</Filter>
    </ClCompile>
    <ClCompile Include="EngineAPI\ECS\SceneAPI.cpp">
      <Filter>Source Files</Filter>
    </ClCompile>
    <ClCompile Include="ECS\Systems\PreparePerObjectDataRenderSystem.cpp">
      <Filter>Source Files</Filter>
    </ClCompile>
    <ClCompile Include="ECS\Systems\PrepareFrameRenderSystem.cpp">
      <Filter>Source Files</Filter>
    </ClCompile>
    <ClCompile Include="Editor\SceneEditorView.cpp">
      <Filter>Source Files</Filter>
    </ClCompile>
    <ClCompile Include="Editor\ValueDisplay.cpp">
      <Filter>Source Files</Filter>
    </ClCompile>
    <ClCompile Include="Input\Win32Input.cpp">
      <Filter>Source Files</Filter>
    </ClCompile>
    <ClCompile Include="ECS\Systems\InputTestSystem.cpp">
      <Filter>Source Files</Filter>
    </ClCompile>
    <ClCompile Include="Input\InputSystem.cpp">
      <Filter>Source Files</Filter>
    </ClCompile>
    <ClCompile Include="ECS\Systems\CameraFreeLookSystem.cpp">
      <Filter>Source Files</Filter>
    </ClCompile>
    <ClCompile Include="Editor\AssetInteraction.cpp">
      <Filter>Source Files</Filter>
    </ClCompile>
    <ClCompile Include="ECS\Systems\PrepareEngineFrameInfo.cpp">
      <Filter>Source Files</Filter>
    </ClCompile>
    <ClCompile Include="Content\TextureImport.cpp">
      <Filter>Source Files</Filter>
    </ClCompile>
    <ClCompile Include="Content\NormalMapProcessing.cpp">
      <Filter>Source Files</Filter>
    </ClCompile>
    <ClCompile Include="Editor\TextureView.cpp">
      <Filter>Source Files</Filter>
    </ClCompile>
    <ClCompile Include="Editor\AssetPacking.cpp">
      <Filter>Source Files</Filter>
    </ClCompile>
    <ClCompile Include="Graphics\UIRenderer.cpp">
      <Filter>Source Files</Filter>
    </ClCompile>
    <ClCompile Include="External\imgui\imgui.cpp">
      <Filter>Source Files</Filter>
    </ClCompile>
    <ClCompile Include="External\imgui\imgui_demo.cpp">
      <Filter>Source Files</Filter>
    </ClCompile>
    <ClCompile Include="External\imgui\imgui_draw.cpp">
      <Filter>Source Files</Filter>
    </ClCompile>
    <ClCompile Include="External\imgui\imgui_tables.cpp">
      <Filter>Source Files</Filter>
    </ClCompile>
    <ClCompile Include="External\imgui\imgui_widgets.cpp">
      <Filter>Source Files</Filter>
    </ClCompile>
    <ClCompile Include="External\imgui\misc\cpp\imgui_stdlib.cpp">
      <Filter>Source Files</Filter>
    </ClCompile>
    <ClCompile Include="External\imgui\backends\imgui_impl_dx12.cpp">
      <Filter>Source Files</Filter>
    </ClCompile>
    <ClCompile Include="External\imgui\backends\imgui_impl_win32.cpp">
      <Filter>Source Files</Filter>
    </ClCompile>
    <ClCompile Include="Editor\MaterialEditor.cpp">
      <Filter>Source Files</Filter>
    </ClCompile>
    <ClCompile Include="Graphics\D3D12\Lights\D3D12LightCulling.cpp">
      <Filter>Source Files</Filter>
    </ClCompile>
    <ClCompile Include="Graphics\D3D12\Lights\D3D12Light.cpp">
      <Filter>Source Files</Filter>
    </ClCompile>
    <ClCompile Include="ECS\Systems\LightPostFrameSystem.cpp">
      <Filter>Source Files</Filter>
    </ClCompile>
    <ClCompile Include="ECS\Systems\LightPrepareRenderSystem.cpp">
      <Filter>Source Files</Filter>
    </ClCompile>
    <ClCompile Include="Graphics\Lights\Light.cpp">
      <Filter>Source Files</Filter>
    </ClCompile>
    <ClCompile Include="Editor\ImporterView.cpp">
      <Filter>Source Files</Filter>
    </ClCompile>
    <ClCompile Include="External\imgui\ImGuizmo.cpp">
      <Filter>Source Files</Filter>
    </ClCompile>
    <ClCompile Include="Editor\Project\Project.cpp">
      <Filter>Source Files</Filter>
    </ClCompile>
    <ClCompile Include="Content\Guid.cpp">
      <Filter>Source Files</Filter>
    </ClCompile>
    <ClCompile Include="Content\EditorContentManager.cpp">
      <Filter>Source Files</Filter>
    </ClCompile>
    <ClCompile Include="Editor\Material.cpp">
      <Filter>Source Files</Filter>
    </ClCompile>
    <ClCompile Include="ECS\Systems\TestCullingSystem.cpp">
      <Filter>Source Files</Filter>
    </ClCompile>
    <ClCompile Include="Content\EnvironmentMapProcessing.cpp">
      <Filter>Source Files</Filter>
    </ClCompile>
    <ClCompile Include="Content\Shaders\ContentProcessingShaders.cpp">
      <Filter>Source Files</Filter>
    </ClCompile>
    <ClCompile Include="ECS\TransformHierarchy.cpp">
      <Filter>Source Files</Filter>
    </ClCompile>
    <ClCompile Include="ECS\Systems\FrustumCullingSystem.cpp">
      <Filter>Source Files</Filter>
    </ClCompile>
    <ClCompile Include="Editor\ActionHistory.cpp">
      <Filter>Source Files</Filter>
    </ClCompile>
    <ClCompile Include="Editor\RenderingConsole.cpp">
      <Filter>Source Files</Filter>
    </ClCompile>
    <ClCompile Include="Graphics\RenderingDebug.cpp">
      <Filter>Source Files</Filter>
    </ClCompile>
    <ClCompile Include="Graphics\D3D12\D3D12RayTracing.cpp">
      <Filter>Source Files</Filter>
    </ClCompile>
    <ClCompile Include="Graphics\D3D12\DXRHelpers.cpp">
      <Filter>Source Files</Filter>
    </ClCompile>
    <ClCompile Include="Graphics\RTSettings.cpp">
      <Filter>Source Files</Filter>
    </ClCompile>
    <ClCompile Include="ECS\SystemMessages.cpp">
      <Filter>Source Files</Filter>
    </ClCompile>
    <ClCompile Include="Editor\PrefabView.cpp">
      <Filter>Source Files</Filter>
    </ClCompile>
  </ItemGroup>
  <ItemGroup>
    <None Include="packages.config" />
  </ItemGroup>
  <ItemGroup>
    <ClInclude Include="Common\StandardTypes.h">
      <Filter>Header Files</Filter>
    </ClInclude>
    <ClInclude Include="Common\id.h">
      <Filter>Header Files</Filter>
    </ClInclude>
    <ClInclude Include="Common\CommonHeaders.h">
      <Filter>Header Files</Filter>
    </ClInclude>
    <ClInclude Include="Platform\Platform.h">
      <Filter>Header Files</Filter>
    </ClInclude>
    <ClInclude Include="Platform\PlatformWin32.h">
      <Filter>Header Files</Filter>
    </ClInclude>
    <ClInclude Include="Platform\Window.h">
      <Filter>Header Files</Filter>
    </ClInclude>
    <ClInclude Include="Utilities\Math.h">
      <Filter>Header Files</Filter>
    </ClInclude>
    <ClInclude Include="Utilities\DataStructures\FreeList.h">
      <Filter>Header Files</Filter>
    </ClInclude>
    <ClInclude Include="Utilities\MathTypes.h">
      <Filter>Header Files</Filter>
    </ClInclude>
    <ClInclude Include="Utilities\DataStructures\DataStructures.h">
      <Filter>Header Files</Filter>
    </ClInclude>
    <ClInclude Include="Utilities\DataStructures\Vector.h">
      <Filter>Header Files</Filter>
    </ClInclude>
    <ClInclude Include="Utilities\TypeUtils.h">
      <Filter>Header Files</Filter>
    </ClInclude>
    <ClInclude Include="Graphics\GraphicsTypes.h">
      <Filter>Header Files</Filter>
    </ClInclude>
    <ClInclude Include="Graphics\D3D12\D3D12Core.h">
      <Filter>Header Files</Filter>
    </ClInclude>
    <ClInclude Include="Graphics\D3D12\D3D12Helpers.h">
      <Filter>Header Files</Filter>
    </ClInclude>
    <ClInclude Include="Graphics\D3D12\D3D12Interface.h">
      <Filter>Header Files</Filter>
    </ClInclude>
    <ClInclude Include="Graphics\D3D12\D3D12Surface.h">
      <Filter>Header Files</Filter>
    </ClInclude>
    <ClInclude Include="Graphics\D3D12\D3D12CommonHeaders.h">
      <Filter>Header Files</Filter>
    </ClInclude>
    <ClInclude Include="Graphics\Renderer.h">
      <Filter>Header Files</Filter>
    </ClInclude>
    <ClInclude Include="Graphics\GraphicsPlatformInterface.h">
      <Filter>Header Files</Filter>
    </ClInclude>
    <ClInclude Include="Graphics\D3D12\D3D12Resources.h">
      <Filter>Header Files</Filter>
    </ClInclude>
    <ClInclude Include="Graphics\D3D12\D3D12DescriptorHeap.h">
      <Filter>Header Files</Filter>
    </ClInclude>
    <ClInclude Include="Graphics\D3D12\D3D12Shaders.h">
      <Filter>Header Files</Filter>
    </ClInclude>
    <ClInclude Include="Graphics\D3D12\D3D12GPass.h">
      <Filter>Header Files</Filter>
    </ClInclude>
    <ClInclude Include="Graphics\D3D12\D3D12PostProcess.h">
      <Filter>Header Files</Filter>
    </ClInclude>
    <ClInclude Include="Content\ShaderCompilation.h">
      <Filter>Header Files</Filter>
    </ClInclude>
    <ClInclude Include="Content\ContentManagement.h">
      <Filter>Header Files</Filter>
    </ClInclude>
    <ClInclude Include="Utilities\IOStream.h">
      <Filter>Header Files</Filter>
    </ClInclude>
    <ClInclude Include="Graphics\D3D12\D3D12GUI.h">
      <Filter>Header Files</Filter>
    </ClInclude>
    <ClInclude Include="Utilities\Logger.h">
      <Filter>Header Files</Filter>
    </ClInclude>
    <ClInclude Include="Core\EngineModules.h">
      <Filter>Header Files</Filter>
    </ClInclude>
    <ClInclude Include="ECS\Entity.h">
      <Filter>Header Files</Filter>
    </ClInclude>
    <ClInclude Include="ECS\Transform.h">
      <Filter>Header Files</Filter>
    </ClInclude>
    <ClInclude Include="ECS\Scene.h">
      <Filter>Header Files</Filter>
    </ClInclude>
    <ClInclude Include="ECS\EntityManager.h">
      <Filter>Header Files</Filter>
    </ClInclude>
    <ClInclude Include="ECS\ECSCommon.h">
      <Filter>Header Files</Filter>
    </ClInclude>
    <ClInclude Include="ECS\Component.h">
      <Filter>Header Files</Filter>
    </ClInclude>
    <ClInclude Include="Editor\EditorInterface.h">
      <Filter>Header Files</Filter>
    </ClInclude>
    <ClInclude Include="Editor\ContentBrowser.h">
      <Filter>Header Files</Filter>
    </ClInclude>
    <ClInclude Include="Content\AssetImporter.h">
      <Filter>Header Files</Filter>
    </ClInclude>
    <ClInclude Include="Content\ResourceCreation.h">
      <Filter>Header Files</Filter>
    </ClInclude>
    <ClInclude Include="External\ufbx\ufbx.h">
      <Filter>Header Files</Filter>
    </ClInclude>
    <ClInclude Include="Content\PrimitiveMeshGeneration.h">
      <Filter>Header Files</Filter>
    </ClInclude>
    <ClInclude Include="Graphics\GeometryData.h">
      <Filter>Header Files</Filter>
    </ClInclude>
    <ClInclude Include="Graphics\D3D12\D3D12Camera.h">
      <Filter>Header Files</Filter>
    </ClInclude>
    <ClInclude Include="EngineAPI\Camera.h">
      <Filter>Header Files</Filter>
    </ClInclude>
    <ClInclude Include="Graphics\D3D12\D3D12Content.h">
      <Filter>Header Files</Filter>
    </ClInclude>
    <ClInclude Include="Graphics\D3D12\D3D12Content\D3D12Geometry.h">
      <Filter>Header Files</Filter>
    </ClInclude>
    <ClInclude Include="Graphics\D3D12\D3D12Content\D3D12Material.h">
      <Filter>Header Files</Filter>
    </ClInclude>
    <ClInclude Include="Graphics\D3D12\D3D12Content\D3D12Texture.h">
      <Filter>Header Files</Filter>
    </ClInclude>
    <ClInclude Include="External\MikkTSpace\mikktspace.h">
      <Filter>Header Files</Filter>
    </ClInclude>
    <ClInclude Include="Graphics\D3D12\D3D12Upload.h">
      <Filter>Header Files</Filter>
    </ClInclude>
    <ClInclude Include="Graphics\D3D12\D3D12Content\D3D12ContentCommon.h">
      <Filter>Header Files</Filter>
    </ClInclude>
    <ClInclude Include="ECS\SystemRegistry.h">
      <Filter>Header Files</Filter>
    </ClInclude>
    <ClInclude Include="EngineAPI\ECS\SystemAPI.h">
      <Filter>Header Files</Filter>
    </ClInclude>
    <ClInclude Include="ECS\ECSCore.h">
      <Filter>Header Files</Filter>
    </ClInclude>
    <ClInclude Include="ECS\QueryView.h">
      <Filter>Header Files</Filter>
    </ClInclude>
    <ClInclude Include="EngineAPI\ECS\SceneAPI.h">
      <Filter>Header Files</Filter>
    </ClInclude>
    <ClInclude Include="ECS\Systems\TransformSystem.cpp">
      <Filter>Header Files</Filter>
    </ClInclude>
    <ClInclude Include="ECS\Systems\SubmitEntityRenderSystem.cpp">
      <Filter>Header Files</Filter>
    </ClInclude>
    <ClInclude Include="Graphics\D3D12\GPassCache.h">
      <Filter>Header Files</Filter>
    </ClInclude>
    <ClInclude Include="Editor\SceneEditorView.h">
      <Filter>Header Files</Filter>
    </ClInclude>
    <ClInclude Include="Utilities\PoolAllocator.h">
      <Filter>Header Files</Filter>
    </ClInclude>
    <ClInclude Include="Utilities\SlabAllocator.h">
      <Filter>Header Files</Filter>
    </ClInclude>
    <ClInclude Include="Editor\ValueDisplay.h">
      <Filter>Header Files</Filter>
    </ClInclude>
    <ClInclude Include="ECS\ComponentRegistry.h">
      <Filter>Header Files</Filter>
    </ClInclude>
    <ClInclude Include="Input\Win32Input.h">
      <Filter>Header Files</Filter>
    </ClInclude>
    <ClInclude Include="Input\InputSystem.h">
      <Filter>Header Files</Filter>
    </ClInclude>
    <ClInclude Include="Input\InputState.h">
      <Filter>Header Files</Filter>
    </ClInclude>
    <ClInclude Include="Editor\AssetInteraction.h">
      <Filter>Header Files</Filter>
    </ClInclude>
    <ClInclude Include="Content\TextureImport.h">
      <Filter>Header Files</Filter>
    </ClInclude>
    <ClInclude Include="Content\ContentUtils.h">
      <Filter>Header Files</Filter>
    </ClInclude>
    <ClInclude Include="Editor\TextureView.h">
      <Filter>Header Files</Filter>
    </ClInclude>
    <ClInclude Include="Editor\AssetPacking.h">
      <Filter>Header Files</Filter>
    </ClInclude>
    <ClInclude Include="Graphics\UIRenderer.h">
      <Filter>Header Files</Filter>
    </ClInclude>
    <ClInclude Include="Graphics\GraphicsPlatform.h">
      <Filter>Header Files</Filter>
    </ClInclude>
    <ClInclude Include="External\imgui\imstb_truetype.h">
      <Filter>Header Files</Filter>
    </ClInclude>
    <ClInclude Include="External\imgui\imconfig.h">
      <Filter>Header Files</Filter>
    </ClInclude>
    <ClInclude Include="External\imgui\imgui.h">
      <Filter>Header Files</Filter>
    </ClInclude>
    <ClInclude Include="External\imgui\imgui_internal.h">
      <Filter>Header Files</Filter>
    </ClInclude>
    <ClInclude Include="External\imgui\imstb_rectpack.h">
      <Filter>Header Files</Filter>
    </ClInclude>
    <ClInclude Include="External\imgui\imstb_textedit.h">
      <Filter>Header Files</Filter>
    </ClInclude>
    <ClInclude Include="External\imgui\misc\cpp\imgui_stdlib.h">
      <Filter>Header Files</Filter>
    </ClInclude>
    <ClInclude Include="External\imgui\backends\imgui_impl_dx12.h">
      <Filter>Header Files</Filter>
    </ClInclude>
    <ClInclude Include="External\imgui\backends\imgui_impl_win32.h">
      <Filter>Header Files</Filter>
    </ClInclude>
    <ClInclude Include="Editor\MaterialEditor.h">
      <Filter>Header Files</Filter>
    </ClInclude>
    <ClInclude Include="Graphics\D3D12\Lights\D3D12Light.h">
      <Filter>Header Files</Filter>
    </ClInclude>
    <ClInclude Include="Graphics\D3D12\Lights\D3D12LightCulling.h">
      <Filter>Header Files</Filter>
    </ClInclude>
    <ClInclude Include="Graphics\Lights\Light.h">
      <Filter>Header Files</Filter>
    </ClInclude>
    <ClInclude Include="Editor\ImporterView.h">
      <Filter>Header Files</Filter>
    </ClInclude>
    <ClInclude Include="Content\NormalMapProcessing.h">
      <Filter>Header Files</Filter>
    </ClInclude>
    <ClInclude Include="External\imgui\ImGuizmo.h">
      <Filter>Header Files</Filter>
    </ClInclude>
    <ClInclude Include="Editor\Project\Project.h">
      <Filter>Header Files</Filter>
    </ClInclude>
    <ClInclude Include="Content\EditorContentManager.h">
      <Filter>Header Files</Filter>
    </ClInclude>
    <ClInclude Include="Content\Asset.h">
      <Filter>Header Files</Filter>
    </ClInclude>
    <ClInclude Include="Content\Guid.h">
      <Filter>Header Files</Filter>
    </ClInclude>
    <ClInclude Include="Content\SerializationUtils.h">
      <Filter>Header Files</Filter>
    </ClInclude>
    <ClInclude Include="Editor\Material.h">
      <Filter>Header Files</Filter>
    </ClInclude>
    <ClInclude Include="Content\EnvironmentMapProcessing.h">
      <Filter>Header Files</Filter>
    </ClInclude>
    <ClInclude Include="Graphics\Lights\LightsCommon.h">
      <Filter>Header Files</Filter>
    </ClInclude>
    <ClInclude Include="ECS\UpdateManager.h">
      <Filter>Header Files</Filter>
    </ClInclude>
    <ClInclude Include="Content\Shaders\ContentProcessingShaders.h">
      <Filter>Header Files</Filter>
    </ClInclude>
    <ClInclude Include="Content\EngineShaders.h">
      <Filter>Header Files</Filter>
    </ClInclude>
    <ClInclude Include="ECS\TransformHierarchy.h">
      <Filter>Header Files</Filter>
    </ClInclude>
    <ClInclude Include="Editor\ActionHistory.h">
      <Filter>Header Files</Filter>
    </ClInclude>
    <ClInclude Include="Editor\EditorStyle.h">
      <Filter>Header Files</Filter>
    </ClInclude>
    <ClInclude Include="Editor\RenderingConsole.h">
      <Filter>Header Files</Filter>
    </ClInclude>
    <ClInclude Include="Graphics\RenderingDebug.h">
      <Filter>Header Files</Filter>
    </ClInclude>
    <ClInclude Include="Graphics\RTSettings.h">
      <Filter>Header Files</Filter>
    </ClInclude>
    <ClInclude Include="Graphics\D3D12\D3D12RayTracing.h">
      <Filter>Header Files</Filter>
    </ClInclude>
    <ClInclude Include="Graphics\D3D12\DXRHelpers.h">
      <Filter>Header Files</Filter>
    </ClInclude>
    <ClInclude Include="Utilities\DataStructures\Array.h">
      <Filter>Header Files</Filter>
    </ClInclude>
    <ClInclude Include="ECS\SystemMessages.h">
      <Filter>Header Files</Filter>
    </ClInclude>
    <ClInclude Include="Content\Shaders\ShaderData.h">
      <Filter>Header Files</Filter>
    </ClInclude>
    <ClInclude Include="resource.h">
      <Filter>Header Files</Filter>
    </ClInclude>
    <ClInclude Include="Editor\PrefabView.h">
      <Filter>Header Files</Filter>
    </ClInclude>
  </ItemGroup>
  <ItemGroup>
    <Text Include="ECS\implementationnotes.txt" />
  </ItemGroup>
  <ItemGroup>
    <ResourceCompile Include="MofuEngine.rc">
      <Filter>Resource Files</Filter>
    </ResourceCompile>
  </ItemGroup>
  <ItemGroup>
    <Image Include="..\..\..\Users\bawer\OneDrive\Pulpit\mofuengine-logo1.ico">
      <Filter>Resource Files</Filter>
    </Image>
  </ItemGroup>
</Project>